
Microsoft Visual Studio Solution File, Format Version 12.00
# Visual Studio Version 17
VisualStudioVersion = 17.0.31903.59
MinimumVisualStudioVersion = 10.0.40219.1
Project("{2150E333-8FDC-42A3-9474-1A3956D46DE8}") = "src", "src", "{E5C834E6-6084-4B7D-9F8E-D78A17881CF5}"
EndProject
Project("{FAE04EC0-301F-11D3-BF4B-00C04F79EFBC}") = "AuctionService", "src\AuctionService\AuctionService.csproj", "{1CBFFD40-629A-4303-AF79-E3032DFE57B3}"
EndProject
Project("{FAE04EC0-301F-11D3-BF4B-00C04F79EFBC}") = "SearchService", "src\SearchService\SearchService.csproj", "{72A68CDA-9DCB-4F65-956C-C461ECDF4EB1}"
EndProject
Global
	GlobalSection(SolutionConfigurationPlatforms) = preSolution
		Debug|Any CPU = Debug|Any CPU
		Release|Any CPU = Release|Any CPU
	EndGlobalSection
	GlobalSection(SolutionProperties) = preSolution
		HideSolutionNode = FALSE
	EndGlobalSection
	GlobalSection(ProjectConfigurationPlatforms) = postSolution
		{1CBFFD40-629A-4303-AF79-E3032DFE57B3}.Debug|Any CPU.ActiveCfg = Debug|Any CPU
		{1CBFFD40-629A-4303-AF79-E3032DFE57B3}.Debug|Any CPU.Build.0 = Debug|Any CPU
		{1CBFFD40-629A-4303-AF79-E3032DFE57B3}.Release|Any CPU.ActiveCfg = Release|Any CPU
		{1CBFFD40-629A-4303-AF79-E3032DFE57B3}.Release|Any CPU.Build.0 = Release|Any CPU
		{72A68CDA-9DCB-4F65-956C-C461ECDF4EB1}.Debug|Any CPU.ActiveCfg = Debug|Any CPU
		{72A68CDA-9DCB-4F65-956C-C461ECDF4EB1}.Debug|Any CPU.Build.0 = Debug|Any CPU
		{72A68CDA-9DCB-4F65-956C-C461ECDF4EB1}.Release|Any CPU.ActiveCfg = Release|Any CPU
		{72A68CDA-9DCB-4F65-956C-C461ECDF4EB1}.Release|Any CPU.Build.0 = Release|Any CPU
	EndGlobalSection
	GlobalSection(NestedProjects) = preSolution
		{1CBFFD40-629A-4303-AF79-E3032DFE57B3} = {E5C834E6-6084-4B7D-9F8E-D78A17881CF5}
		{72A68CDA-9DCB-4F65-956C-C461ECDF4EB1} = {E5C834E6-6084-4B7D-9F8E-D78A17881CF5}
	EndGlobalSection
EndGlobal
