
Microsoft Visual Studio Solution File, Format Version 12.00
# Visual Studio Version 17
VisualStudioVersion = 17.0.31903.59
MinimumVisualStudioVersion = 10.0.40219.1
Project("{2150E333-8FDC-42A3-9474-1A3956D46DE8}") = "src", "src", "{E5C834E6-6084-4B7D-9F8E-D78A17881CF5}"
EndProject
Project("{FAE04EC0-301F-11D3-BF4B-00C04F79EFBC}") = "AuctionService", "src\AuctionService\AuctionService.csproj", "{1CBFFD40-629A-4303-AF79-E3032DFE57B3}"
EndProject
Project("{FAE04EC0-301F-11D3-BF4B-00C04F79EFBC}") = "SearchService", "src\SearchService\SearchService.csproj", "{72A68CDA-9DCB-4F65-956C-C461ECDF4EB1}"
EndProject
Project("{FAE04EC0-301F-11D3-BF4B-00C04F79EFBC}") = "Contracts", "src\Contracts\Contracts.csproj", "{37DBD8C3-11D8-4B0F-BE89-CEB7D7FEA2FB}"
EndProject
Project("{FAE04EC0-301F-11D3-BF4B-00C04F79EFBC}") = "IdentityService", "src\IdentityService\IdentityService.csproj", "{891CCF6A-6855-4716-B61D-AB7C38D6FADF}"
EndProject
Project("{FAE04EC0-301F-11D3-BF4B-00C04F79EFBC}") = "GatewayService", "src\GatewayService\GatewayService.csproj", "{AB336AC5-3969-4678-8A42-2DA63D3E33FB}"
EndProject
Project("{FAE04EC0-301F-11D3-BF4B-00C04F79EFBC}") = "BiddingService", "src\BiddingService\BiddingService.csproj", "{9B7CFE26-3686-4CE0-8F94-E027BFDFF916}"
EndProject
Project("{FAE04EC0-301F-11D3-BF4B-00C04F79EFBC}") = "NotificationService", "src\NotificationService\NotificationService.csproj", "{AC3CA23D-47E5-41BE-B294-F65ED1496896}"
EndProject
Global
	GlobalSection(SolutionConfigurationPlatforms) = preSolution
		Debug|Any CPU = Debug|Any CPU
		Release|Any CPU = Release|Any CPU
	EndGlobalSection
	GlobalSection(SolutionProperties) = preSolution
		HideSolutionNode = FALSE
	EndGlobalSection
	GlobalSection(ProjectConfigurationPlatforms) = postSolution
		{1CBFFD40-629A-4303-AF79-E3032DFE57B3}.Debug|Any CPU.ActiveCfg = Debug|Any CPU
		{1CBFFD40-629A-4303-AF79-E3032DFE57B3}.Debug|Any CPU.Build.0 = Debug|Any CPU
		{1CBFFD40-629A-4303-AF79-E3032DFE57B3}.Release|Any CPU.ActiveCfg = Release|Any CPU
		{1CBFFD40-629A-4303-AF79-E3032DFE57B3}.Release|Any CPU.Build.0 = Release|Any CPU
		{72A68CDA-9DCB-4F65-956C-C461ECDF4EB1}.Debug|Any CPU.ActiveCfg = Debug|Any CPU
		{72A68CDA-9DCB-4F65-956C-C461ECDF4EB1}.Debug|Any CPU.Build.0 = Debug|Any CPU
		{72A68CDA-9DCB-4F65-956C-C461ECDF4EB1}.Release|Any CPU.ActiveCfg = Release|Any CPU
		{72A68CDA-9DCB-4F65-956C-C461ECDF4EB1}.Release|Any CPU.Build.0 = Release|Any CPU
		{37DBD8C3-11D8-4B0F-BE89-CEB7D7FEA2FB}.Debug|Any CPU.ActiveCfg = Debug|Any CPU
		{37DBD8C3-11D8-4B0F-BE89-CEB7D7FEA2FB}.Debug|Any CPU.Build.0 = Debug|Any CPU
		{37DBD8C3-11D8-4B0F-BE89-CEB7D7FEA2FB}.Release|Any CPU.ActiveCfg = Release|Any CPU
		{37DBD8C3-11D8-4B0F-BE89-CEB7D7FEA2FB}.Release|Any CPU.Build.0 = Release|Any CPU
		{891CCF6A-6855-4716-B61D-AB7C38D6FADF}.Debug|Any CPU.ActiveCfg = Debug|Any CPU
		{891CCF6A-6855-4716-B61D-AB7C38D6FADF}.Debug|Any CPU.Build.0 = Debug|Any CPU
		{891CCF6A-6855-4716-B61D-AB7C38D6FADF}.Release|Any CPU.ActiveCfg = Release|Any CPU
		{891CCF6A-6855-4716-B61D-AB7C38D6FADF}.Release|Any CPU.Build.0 = Release|Any CPU
		{AB336AC5-3969-4678-8A42-2DA63D3E33FB}.Debug|Any CPU.ActiveCfg = Debug|Any CPU
		{AB336AC5-3969-4678-8A42-2DA63D3E33FB}.Debug|Any CPU.Build.0 = Debug|Any CPU
		{AB336AC5-3969-4678-8A42-2DA63D3E33FB}.Release|Any CPU.ActiveCfg = Release|Any CPU
		{AB336AC5-3969-4678-8A42-2DA63D3E33FB}.Release|Any CPU.Build.0 = Release|Any CPU
		{9B7CFE26-3686-4CE0-8F94-E027BFDFF916}.Debug|Any CPU.ActiveCfg = Debug|Any CPU
		{9B7CFE26-3686-4CE0-8F94-E027BFDFF916}.Debug|Any CPU.Build.0 = Debug|Any CPU
		{9B7CFE26-3686-4CE0-8F94-E027BFDFF916}.Release|Any CPU.ActiveCfg = Release|Any CPU
		{9B7CFE26-3686-4CE0-8F94-E027BFDFF916}.Release|Any CPU.Build.0 = Release|Any CPU
		{AC3CA23D-47E5-41BE-B294-F65ED1496896}.Debug|Any CPU.ActiveCfg = Debug|Any CPU
		{AC3CA23D-47E5-41BE-B294-F65ED1496896}.Debug|Any CPU.Build.0 = Debug|Any CPU
		{AC3CA23D-47E5-41BE-B294-F65ED1496896}.Release|Any CPU.ActiveCfg = Release|Any CPU
		{AC3CA23D-47E5-41BE-B294-F65ED1496896}.Release|Any CPU.Build.0 = Release|Any CPU
	EndGlobalSection
	GlobalSection(NestedProjects) = preSolution
		{1CBFFD40-629A-4303-AF79-E3032DFE57B3} = {E5C834E6-6084-4B7D-9F8E-D78A17881CF5}
		{72A68CDA-9DCB-4F65-956C-C461ECDF4EB1} = {E5C834E6-6084-4B7D-9F8E-D78A17881CF5}
		{37DBD8C3-11D8-4B0F-BE89-CEB7D7FEA2FB} = {E5C834E6-6084-4B7D-9F8E-D78A17881CF5}
		{891CCF6A-6855-4716-B61D-AB7C38D6FADF} = {E5C834E6-6084-4B7D-9F8E-D78A17881CF5}
		{AB336AC5-3969-4678-8A42-2DA63D3E33FB} = {E5C834E6-6084-4B7D-9F8E-D78A17881CF5}
		{9B7CFE26-3686-4CE0-8F94-E027BFDFF916} = {E5C834E6-6084-4B7D-9F8E-D78A17881CF5}
		{AC3CA23D-47E5-41BE-B294-F65ED1496896} = {E5C834E6-6084-4B7D-9F8E-D78A17881CF5}
	EndGlobalSection
EndGlobal
